{
    "version": 3,
    "terraform_version": "0.11.11",
    "serial": 17,
    "lineage": "8643e153-3c67-1811-374b-0f08e797f77c",
    "modules": [
        {
            "path": [
                "root"
            ],
            "outputs": {
                "IPADRESSES": {
                    "sensitive": false,
                    "type": "string",
                    "value": "aws_instance.*.public_ip"
                }
            },
            "resources": {
                "aws_instance.test.0": {
                    "type": "aws_instance",
                    "depends_on": [
                        "aws_security_group.dev",
                        "aws_subnet.dev"
                    ],
                    "primary": {
                        "id": "i-06de6ab94772ee658",
                        "attributes": {
                            "ami": "ami-09693313102a30b2c",
                            "arn": "arn:aws:ec2:eu-west-1:493483295550:instance/i-06de6ab94772ee658",
                            "associate_public_ip_address": "true",
                            "availability_zone": "eu-west-1a",
                            "cpu_core_count": "1",
                            "cpu_threads_per_core": "1",
                            "credit_specification.#": "1",
                            "credit_specification.0.cpu_credits": "standard",
                            "disable_api_termination": "false",
                            "ebs_block_device.#": "0",
                            "ebs_optimized": "false",
                            "ephemeral_block_device.#": "0",
                            "get_password_data": "false",
                            "iam_instance_profile": "",
                            "id": "i-06de6ab94772ee658",
                            "instance_state": "running",
                            "instance_type": "t2.micro",
                            "ipv6_addresses.#": "0",
                            "key_name": "september-terraform",
                            "monitoring": "false",
                            "network_interface.#": "0",
                            "network_interface_id": "eni-002c07cbe7a36498a",
                            "password_data": "",
                            "placement_group": "",
                            "primary_network_interface_id": "eni-002c07cbe7a36498a",
                            "private_dns": "ip-10-0-1-220.eu-west-1.compute.internal",
                            "private_ip": "10.0.1.220",
                            "public_dns": "",
                            "public_ip": "18.203.83.219",
                            "root_block_device.#": "1",
                            "root_block_device.0.delete_on_termination": "true",
                            "root_block_device.0.iops": "100",
                            "root_block_device.0.volume_id": "vol-0f4a848290c298a33",
                            "root_block_device.0.volume_size": "8",
                            "root_block_device.0.volume_type": "gp2",
                            "security_groups.#": "0",
                            "source_dest_check": "true",
                            "subnet_id": "subnet-0fc482c5afa95a1c9",
                            "tags.%": "4",
                            "tags.Created_by": "sstanytska",
                            "tags.Dept": "ITOps",
                            "tags.Env": "Dev",
                            "tags.Name": "Dev 1",
                            "tenancy": "default",
                            "volume_tags.%": "0",
                            "vpc_security_group_ids.#": "1",
                            "vpc_security_group_ids.1952354679": "sg-030c541f878d08ad3"
                        },
                        "meta": {
                            "e2bfb730-ecaa-11e6-8f88-34363bc7c4c0": {
                                "create": 600000000000,
                                "delete": 1200000000000,
                                "update": 600000000000
                            },
                            "schema_version": "1"
                        },
                        "tainted": false
                    },
                    "deposed": [],
                    "provider": "provider.aws"
                },
                "aws_instance.test.1": {
                    "type": "aws_instance",
                    "depends_on": [
                        "aws_security_group.dev",
                        "aws_subnet.dev"
                    ],
                    "primary": {
                        "id": "i-0f49710512338682b",
                        "attributes": {
                            "ami": "ami-09693313102a30b2c",
                            "arn": "arn:aws:ec2:eu-west-1:493483295550:instance/i-0f49710512338682b",
                            "associate_public_ip_address": "true",
                            "availability_zone": "eu-west-1a",
                            "cpu_core_count": "1",
                            "cpu_threads_per_core": "1",
                            "credit_specification.#": "1",
                            "credit_specification.0.cpu_credits": "standard",
                            "disable_api_termination": "false",
                            "ebs_block_device.#": "0",
                            "ebs_optimized": "false",
                            "ephemeral_block_device.#": "0",
                            "get_password_data": "false",
                            "iam_instance_profile": "",
                            "id": "i-0f49710512338682b",
                            "instance_state": "running",
                            "instance_type": "t2.micro",
                            "ipv6_addresses.#": "0",
                            "key_name": "september-terraform",
                            "monitoring": "false",
                            "network_interface.#": "0",
                            "network_interface_id": "eni-04ac0948473379744",
                            "password_data": "",
                            "placement_group": "",
                            "primary_network_interface_id": "eni-04ac0948473379744",
                            "private_dns": "ip-10-0-1-217.eu-west-1.compute.internal",
                            "private_ip": "10.0.1.217",
                            "public_dns": "",
                            "public_ip": "52.209.96.81",
                            "root_block_device.#": "1",
                            "root_block_device.0.delete_on_termination": "true",
                            "root_block_device.0.iops": "100",
                            "root_block_device.0.volume_id": "vol-0af319db9071d7cff",
                            "root_block_device.0.volume_size": "8",
                            "root_block_device.0.volume_type": "gp2",
                            "security_groups.#": "0",
                            "source_dest_check": "true",
                            "subnet_id": "subnet-0fc482c5afa95a1c9",
                            "tags.%": "4",
                            "tags.Created_by": "sstanytska",
                            "tags.Dept": "ITOps",
                            "tags.Env": "Dev",
                            "tags.Name": "Dev 2",
                            "tenancy": "default",
                            "volume_tags.%": "0",
                            "vpc_security_group_ids.#": "1",
                            "vpc_security_group_ids.1952354679": "sg-030c541f878d08ad3"
                        },
                        "meta": {
                            "e2bfb730-ecaa-11e6-8f88-34363bc7c4c0": {
                                "create": 600000000000,
                                "delete": 1200000000000,
                                "update": 600000000000
                            },
                            "schema_version": "1"
                        },
                        "tainted": false
                    },
                    "deposed": [],
                    "provider": "provider.aws"
                },
                "aws_internet_gateway.dev": {
                    "type": "aws_internet_gateway",
                    "depends_on": [
                        "aws_vpc.dev"
                    ],
                    "primary": {
                        "id": "igw-0b81c981c88f47f8a",
                        "attributes": {
                            "id": "igw-0b81c981c88f47f8a",
                            "owner_id": "493483295550",
                            "tags.%": "0",
                            "vpc_id": "vpc-0de1274afb1443651"
                        },
                        "meta": {},
                        "tainted": false
                    },
                    "deposed": [],
                    "provider": "provider.aws"
                },
                "aws_route_table.dev": {
                    "type": "aws_route_table",
                    "depends_on": [
                        "aws_internet_gateway.dev",
                        "aws_vpc.dev"
                    ],
                    "primary": {
                        "id": "rtb-0f0826d9bb981d57f",
                        "attributes": {
                            "id": "rtb-0f0826d9bb981d57f",
                            "owner_id": "493483295550",
                            "propagating_vgws.#": "0",
                            "route.#": "1",
                            "route.3413562881.cidr_block": "0.0.0.0/0",
                            "route.3413562881.egress_only_gateway_id": "",
                            "route.3413562881.gateway_id": "igw-0b81c981c88f47f8a",
                            "route.3413562881.instance_id": "",
                            "route.3413562881.ipv6_cidr_block": "",
                            "route.3413562881.nat_gateway_id": "",
                            "route.3413562881.network_interface_id": "",
                            "route.3413562881.transit_gateway_id": "",
                            "route.3413562881.vpc_peering_connection_id": "",
                            "tags.%": "4",
                            "tags.Created": "sstanytska",
                            "tags.Dept": "ITOps",
                            "tags.Env": "Dev",
                            "tags.Name": "Dev1",
                            "vpc_id": "vpc-0de1274afb1443651"
                        },
                        "meta": {},
                        "tainted": false
                    },
                    "deposed": [],
                    "provider": "provider.aws"
                },
                "aws_route_table_association.dev": {
                    "type": "aws_route_table_association",
                    "depends_on": [
                        "aws_route_table.dev",
                        "aws_subnet.dev"
                    ],
                    "primary": {
                        "id": "rtbassoc-06684c5bfc2d378c7",
                        "attributes": {
                            "id": "rtbassoc-06684c5bfc2d378c7",
                            "route_table_id": "rtb-0f0826d9bb981d57f",
                            "subnet_id": "subnet-0fc482c5afa95a1c9"
                        },
                        "meta": {},
                        "tainted": false
                    },
                    "deposed": [],
                    "provider": "provider.aws"
                },
                "aws_security_group.dev": {
                    "type": "aws_security_group",
                    "depends_on": [
                        "aws_vpc.dev"
                    ],
                    "primary": {
                        "id": "sg-030c541f878d08ad3",
                        "attributes": {
                            "arn": "arn:aws:ec2:eu-west-1:493483295550:security-group/sg-030c541f878d08ad3",
                            "description": "Allow all",
                            "egress.#": "1",
                            "egress.482069346.cidr_blocks.#": "1",
                            "egress.482069346.cidr_blocks.0": "0.0.0.0/0",
                            "egress.482069346.description": "",
                            "egress.482069346.from_port": "0",
                            "egress.482069346.ipv6_cidr_blocks.#": "0",
                            "egress.482069346.prefix_list_ids.#": "0",
                            "egress.482069346.protocol": "-1",
                            "egress.482069346.security_groups.#": "0",
                            "egress.482069346.self": "false",
                            "egress.482069346.to_port": "0",
                            "id": "sg-030c541f878d08ad3",
                            "ingress.#": "1",
                            "ingress.2541437006.cidr_blocks.#": "1",
                            "ingress.2541437006.cidr_blocks.0": "0.0.0.0/0",
                            "ingress.2541437006.description": "",
                            "ingress.2541437006.from_port": "22",
                            "ingress.2541437006.ipv6_cidr_blocks.#": "0",
                            "ingress.2541437006.prefix_list_ids.#": "0",
                            "ingress.2541437006.protocol": "tcp",
                            "ingress.2541437006.security_groups.#": "0",
                            "ingress.2541437006.self": "false",
                            "ingress.2541437006.to_port": "22",
                            "name": "dev",
                            "owner_id": "493483295550",
                            "revoke_rules_on_delete": "false",
                            "tags.%": "0",
                            "vpc_id": "vpc-0de1274afb1443651"
                        },
                        "meta": {
                            "e2bfb730-ecaa-11e6-8f88-34363bc7c4c0": {
                                "create": 600000000000,
                                "delete": 600000000000
                            },
                            "schema_version": "1"
                        },
                        "tainted": false
                    },
                    "deposed": [],
                    "provider": "provider.aws"
                },
                "aws_subnet.dev": {
                    "type": "aws_subnet",
                    "depends_on": [
                        "aws_vpc.dev"
                    ],
                    "primary": {
                        "id": "subnet-0fc482c5afa95a1c9",
                        "attributes": {
                            "arn": "arn:aws:ec2:eu-west-1:493483295550:subnet/subnet-0fc482c5afa95a1c9",
                            "assign_ipv6_address_on_creation": "false",
                            "availability_zone": "eu-west-1a",
                            "availability_zone_id": "euw1-az2",
                            "cidr_block": "10.0.1.0/24",
                            "id": "subnet-0fc482c5afa95a1c9",
                            "ipv6_cidr_block": "",
                            "ipv6_cidr_block_association_id": "",
                            "map_public_ip_on_launch": "false",
                            "owner_id": "493483295550",
                            "tags.%": "4",
                            "tags.Created": "sstanytska",
                            "tags.Dept": "ITOps",
                            "tags.Env": "Dev",
                            "tags.Name": "Dev1",
                            "vpc_id": "vpc-0de1274afb1443651"
                        },
                        "meta": {
                            "e2bfb730-ecaa-11e6-8f88-34363bc7c4c0": {
                                "create": 600000000000,
                                "delete": 600000000000
                            },
                            "schema_version": "1"
                        },
                        "tainted": false
                    },
                    "deposed": [],
                    "provider": "provider.aws"
                },
                "aws_vpc.dev": {
                    "type": "aws_vpc",
                    "depends_on": [],
                    "primary": {
                        "id": "vpc-0de1274afb1443651",
                        "attributes": {
                            "arn": "arn:aws:ec2:eu-west-1:493483295550:vpc/vpc-0de1274afb1443651",
                            "assign_generated_ipv6_cidr_block": "false",
                            "cidr_block": "10.0.0.0/16",
                            "default_network_acl_id": "acl-0613e7e5a67fba70d",
                            "default_route_table_id": "rtb-0c12f37ea765214c3",
                            "default_security_group_id": "sg-03dde8bdd76340920",
                            "dhcp_options_id": "dopt-25049b43",
                            "enable_classiclink": "false",
                            "enable_classiclink_dns_support": "false",
                            "enable_dns_hostnames": "false",
                            "enable_dns_support": "true",
                            "id": "vpc-0de1274afb1443651",
                            "instance_tenancy": "default",
                            "ipv6_association_id": "",
                            "ipv6_cidr_block": "",
                            "main_route_table_id": "rtb-0c12f37ea765214c3",
                            "owner_id": "493483295550",
                            "tags.%": "4",
                            "tags.Created": "sstanytska",
                            "tags.Dept": "ITOps",
                            "tags.Env": "Dev",
                            "tags.Name": "Dev1"
                        },
                        "meta": {
                            "schema_version": "1"
                        },
                        "tainted": false
                    },
                    "deposed": [],
                    "provider": "provider.aws"
                }
            },
            "depends_on": []
        }
    ]
}
